
Microsoft Visual Studio Solution File, Format Version 12.00
# Visual Studio 15
VisualStudioVersion = 15.0.28307.1321
MinimumVisualStudioVersion = 10.0.40219.1
Project("{FAE04EC0-301F-11D3-BF4B-00C04F79EFBC}") = "Dungeon", "Dungeon\Dungeon.csproj", "{54F8945B-4847-4D49-893C-BFC892772989}"
EndProject
Project("{FAE04EC0-301F-11D3-BF4B-00C04F79EFBC}") = "DungeonLibrary", "DungeonLibrary\DungeonLibrary.csproj", "{EFE8ACFD-EB01-4A8E-AC3E-F9326DEFD02C}"
EndProject
Global
	GlobalSection(SolutionConfigurationPlatforms) = preSolution
		Debug|Any CPU = Debug|Any CPU
		Release|Any CPU = Release|Any CPU
	EndGlobalSection
	GlobalSection(ProjectConfigurationPlatforms) = postSolution
		{54F8945B-4847-4D49-893C-BFC892772989}.Debug|Any CPU.ActiveCfg = Debug|Any CPU
		{54F8945B-4847-4D49-893C-BFC892772989}.Debug|Any CPU.Build.0 = Debug|Any CPU
		{54F8945B-4847-4D49-893C-BFC892772989}.Release|Any CPU.ActiveCfg = Release|Any CPU
		{54F8945B-4847-4D49-893C-BFC892772989}.Release|Any CPU.Build.0 = Release|Any CPU
		{EFE8ACFD-EB01-4A8E-AC3E-F9326DEFD02C}.Debug|Any CPU.ActiveCfg = Debug|Any CPU
		{EFE8ACFD-EB01-4A8E-AC3E-F9326DEFD02C}.Debug|Any CPU.Build.0 = Debug|Any CPU
		{EFE8ACFD-EB01-4A8E-AC3E-F9326DEFD02C}.Release|Any CPU.ActiveCfg = Release|Any CPU
		{EFE8ACFD-EB01-4A8E-AC3E-F9326DEFD02C}.Release|Any CPU.Build.0 = Release|Any CPU
	EndGlobalSection
	GlobalSection(SolutionProperties) = preSolution
		HideSolutionNode = FALSE
	EndGlobalSection
	GlobalSection(ExtensibilityGlobals) = postSolution
		SolutionGuid = {7C205E39-9558-4FD9-A228-F2E76DA0D2CB}
	EndGlobalSection
EndGlobal
